
Microsoft Visual Studio Solution File, Format Version 12.00
# Visual Studio Version 17
VisualStudioVersion = 17.11.35222.181
MinimumVisualStudioVersion = 10.0.40219.1
Project("{FAE04EC0-301F-11D3-BF4B-00C04F79EFBC}") = "CopyDataStruct", "CopyDataStruct\CopyDataStruct.csproj", "{273FA817-7150-4062-8ED8-230D28356FB3}"
EndProject
Project("{FAE04EC0-301F-11D3-BF4B-00C04F79EFBC}") = "SenderA", "SenderA\SenderA.csproj", "{0692987B-6947-43C4-B875-BFDE40124554}"
EndProject
Project("{FAE04EC0-301F-11D3-BF4B-00C04F79EFBC}") = "ReceiverB", "ReceiverB\ReceiverB.csproj", "{FD685036-CD9B-4E6C-9001-4370075D615B}"
EndProject
Project("{FAE04EC0-301F-11D3-BF4B-00C04F79EFBC}") = "ReceiverC", "ReceiverC\ReceiverC.csproj", "{1F27AAE9-3E43-4685-91FF-69B985544EFB}"
EndProject
Global
	GlobalSection(SolutionConfigurationPlatforms) = preSolution
		Debug|Any CPU = Debug|Any CPU
		Release|Any CPU = Release|Any CPU
	EndGlobalSection
	GlobalSection(ProjectConfigurationPlatforms) = postSolution
		{273FA817-7150-4062-8ED8-230D28356FB3}.Debug|Any CPU.ActiveCfg = Debug|Any CPU
		{273FA817-7150-4062-8ED8-230D28356FB3}.Debug|Any CPU.Build.0 = Debug|Any CPU
		{273FA817-7150-4062-8ED8-230D28356FB3}.Release|Any CPU.ActiveCfg = Release|Any CPU
		{273FA817-7150-4062-8ED8-230D28356FB3}.Release|Any CPU.Build.0 = Release|Any CPU
		{0692987B-6947-43C4-B875-BFDE40124554}.Debug|Any CPU.ActiveCfg = Debug|Any CPU
		{0692987B-6947-43C4-B875-BFDE40124554}.Debug|Any CPU.Build.0 = Debug|Any CPU
		{0692987B-6947-43C4-B875-BFDE40124554}.Release|Any CPU.ActiveCfg = Release|Any CPU
		{0692987B-6947-43C4-B875-BFDE40124554}.Release|Any CPU.Build.0 = Release|Any CPU
		{FD685036-CD9B-4E6C-9001-4370075D615B}.Debug|Any CPU.ActiveCfg = Debug|Any CPU
		{FD685036-CD9B-4E6C-9001-4370075D615B}.Debug|Any CPU.Build.0 = Debug|Any CPU
		{FD685036-CD9B-4E6C-9001-4370075D615B}.Release|Any CPU.ActiveCfg = Release|Any CPU
		{FD685036-CD9B-4E6C-9001-4370075D615B}.Release|Any CPU.Build.0 = Release|Any CPU
		{1F27AAE9-3E43-4685-91FF-69B985544EFB}.Debug|Any CPU.ActiveCfg = Debug|Any CPU
		{1F27AAE9-3E43-4685-91FF-69B985544EFB}.Debug|Any CPU.Build.0 = Debug|Any CPU
		{1F27AAE9-3E43-4685-91FF-69B985544EFB}.Release|Any CPU.ActiveCfg = Release|Any CPU
		{1F27AAE9-3E43-4685-91FF-69B985544EFB}.Release|Any CPU.Build.0 = Release|Any CPU
	EndGlobalSection
	GlobalSection(SolutionProperties) = preSolution
		HideSolutionNode = FALSE
	EndGlobalSection
	GlobalSection(ExtensibilityGlobals) = postSolution
		SolutionGuid = {767EBEBB-6AB1-4BEC-B4BC-A8473DC4D9EC}
	EndGlobalSection
EndGlobal
