
Microsoft Visual Studio Solution File, Format Version 12.00
# Visual Studio Version 17
VisualStudioVersion = 17.11.35222.181
MinimumVisualStudioVersion = 10.0.40219.1
Project("{FAE04EC0-301F-11D3-BF4B-00C04F79EFBC}") = "Threadcom", "Threadcom.csproj", "{DBF0019F-4872-4B23-A8B2-458CDC9A013D}"
EndProject
Global
	GlobalSection(SolutionConfigurationPlatforms) = preSolution
		Debug|Any CPU = Debug|Any CPU
		Release|Any CPU = Release|Any CPU
	EndGlobalSection
	GlobalSection(ProjectConfigurationPlatforms) = postSolution
		{DBF0019F-4872-4B23-A8B2-458CDC9A013D}.Debug|Any CPU.ActiveCfg = Debug|Any CPU
		{DBF0019F-4872-4B23-A8B2-458CDC9A013D}.Debug|Any CPU.Build.0 = Debug|Any CPU
		{DBF0019F-4872-4B23-A8B2-458CDC9A013D}.Release|Any CPU.ActiveCfg = Release|Any CPU
		{DBF0019F-4872-4B23-A8B2-458CDC9A013D}.Release|Any CPU.Build.0 = Release|Any CPU
	EndGlobalSection
	GlobalSection(SolutionProperties) = preSolution
		HideSolutionNode = FALSE
	EndGlobalSection
	GlobalSection(ExtensibilityGlobals) = postSolution
		SolutionGuid = {3493E446-9FEF-4BDB-BA8B-9E34669F43A6}
	EndGlobalSection
EndGlobal
