
Microsoft Visual Studio Solution File, Format Version 12.00
# Visual Studio Version 17
VisualStudioVersion = 17.11.35222.181
MinimumVisualStudioVersion = 10.0.40219.1
Project("{FAE04EC0-301F-11D3-BF4B-00C04F79EFBC}") = "School", "School.csproj", "{07DA9B85-BC89-452A-8B09-A397CE4957A6}"
EndProject
Global
	GlobalSection(SolutionConfigurationPlatforms) = preSolution
		Debug|Any CPU = Debug|Any CPU
		Release|Any CPU = Release|Any CPU
	EndGlobalSection
	GlobalSection(ProjectConfigurationPlatforms) = postSolution
		{07DA9B85-BC89-452A-8B09-A397CE4957A6}.Debug|Any CPU.ActiveCfg = Debug|Any CPU
		{07DA9B85-BC89-452A-8B09-A397CE4957A6}.Debug|Any CPU.Build.0 = Debug|Any CPU
		{07DA9B85-BC89-452A-8B09-A397CE4957A6}.Release|Any CPU.ActiveCfg = Release|Any CPU
		{07DA9B85-BC89-452A-8B09-A397CE4957A6}.Release|Any CPU.Build.0 = Release|Any CPU
	EndGlobalSection
	GlobalSection(SolutionProperties) = preSolution
		HideSolutionNode = FALSE
	EndGlobalSection
	GlobalSection(ExtensibilityGlobals) = postSolution
		SolutionGuid = {012C7ACA-4F02-4396-8482-972071630A6C}
	EndGlobalSection
EndGlobal
