
Microsoft Visual Studio Solution File, Format Version 12.00
# Visual Studio Version 17
VisualStudioVersion = 17.9.34622.214
MinimumVisualStudioVersion = 10.0.40219.1
Project("{9A19103F-16F7-4668-BE54-9A1E7A4F7556}") = "CallDLL", "WindowsAssignment5\CallDLL.csproj", "{4E25F129-5624-44AF-926D-146B3F5F3B9C}"
EndProject
Project("{8BC9CEB8-8B4A-11D0-8D11-00A0C91BC942}") = "CreateDLL", "CreateDLL\CreateDLL.vcxproj", "{72AE1733-53EA-475A-80D9-85D44ACA43F0}"
EndProject
Global
	GlobalSection(SolutionConfigurationPlatforms) = preSolution
		Debug|Any CPU = Debug|Any CPU
		Debug|x64 = Debug|x64
		Debug|x86 = Debug|x86
		Release|Any CPU = Release|Any CPU
		Release|x64 = Release|x64
		Release|x86 = Release|x86
	EndGlobalSection
	GlobalSection(ProjectConfigurationPlatforms) = postSolution
		{4E25F129-5624-44AF-926D-146B3F5F3B9C}.Debug|Any CPU.ActiveCfg = Debug|Any CPU
		{4E25F129-5624-44AF-926D-146B3F5F3B9C}.Debug|Any CPU.Build.0 = Debug|Any CPU
		{4E25F129-5624-44AF-926D-146B3F5F3B9C}.Debug|x64.ActiveCfg = Debug|Any CPU
		{4E25F129-5624-44AF-926D-146B3F5F3B9C}.Debug|x64.Build.0 = Debug|Any CPU
		{4E25F129-5624-44AF-926D-146B3F5F3B9C}.Debug|x86.ActiveCfg = Debug|Any CPU
		{4E25F129-5624-44AF-926D-146B3F5F3B9C}.Debug|x86.Build.0 = Debug|Any CPU
		{4E25F129-5624-44AF-926D-146B3F5F3B9C}.Release|Any CPU.ActiveCfg = Release|Any CPU
		{4E25F129-5624-44AF-926D-146B3F5F3B9C}.Release|Any CPU.Build.0 = Release|Any CPU
		{4E25F129-5624-44AF-926D-146B3F5F3B9C}.Release|x64.ActiveCfg = Release|Any CPU
		{4E25F129-5624-44AF-926D-146B3F5F3B9C}.Release|x64.Build.0 = Release|Any CPU
		{4E25F129-5624-44AF-926D-146B3F5F3B9C}.Release|x86.ActiveCfg = Release|Any CPU
		{4E25F129-5624-44AF-926D-146B3F5F3B9C}.Release|x86.Build.0 = Release|Any CPU
		{72AE1733-53EA-475A-80D9-85D44ACA43F0}.Debug|Any CPU.ActiveCfg = Debug|x64
		{72AE1733-53EA-475A-80D9-85D44ACA43F0}.Debug|Any CPU.Build.0 = Debug|x64
		{72AE1733-53EA-475A-80D9-85D44ACA43F0}.Debug|x64.ActiveCfg = Debug|x64
		{72AE1733-53EA-475A-80D9-85D44ACA43F0}.Debug|x64.Build.0 = Debug|x64
		{72AE1733-53EA-475A-80D9-85D44ACA43F0}.Debug|x86.ActiveCfg = Debug|Win32
		{72AE1733-53EA-475A-80D9-85D44ACA43F0}.Debug|x86.Build.0 = Debug|Win32
		{72AE1733-53EA-475A-80D9-85D44ACA43F0}.Release|Any CPU.ActiveCfg = Release|x64
		{72AE1733-53EA-475A-80D9-85D44ACA43F0}.Release|Any CPU.Build.0 = Release|x64
		{72AE1733-53EA-475A-80D9-85D44ACA43F0}.Release|x64.ActiveCfg = Release|x64
		{72AE1733-53EA-475A-80D9-85D44ACA43F0}.Release|x64.Build.0 = Release|x64
		{72AE1733-53EA-475A-80D9-85D44ACA43F0}.Release|x86.ActiveCfg = Release|Win32
		{72AE1733-53EA-475A-80D9-85D44ACA43F0}.Release|x86.Build.0 = Release|Win32
	EndGlobalSection
	GlobalSection(SolutionProperties) = preSolution
		HideSolutionNode = FALSE
	EndGlobalSection
	GlobalSection(ExtensibilityGlobals) = postSolution
		SolutionGuid = {EAB4E478-4A54-4593-9606-B7243822E210}
	EndGlobalSection
EndGlobal
